{
  "name": "superfitjs",
  "version": "1.0.4",
  "lockfileVersion": 1,
  "requires": true,
  "dependencies": {
    "uom": {
      "version": "2.3.0",
      "resolved": "https://registry.npmjs.org/uom/-/uom-2.3.0.tgz",
      "integrity": "sha512-Obmzmxnj9wrjN7QOuUCY7EhS8jfMsIhQw2PMbPSf7UU/k0lBz0Dwl/PtpW4UXMD1vM7jjOY49S2CMeziJK/s2Q=="
    }
  }
}
