{
  "name": "@superfitapp/superfitjs",
  "version": "2.7.5",
  "lockfileVersion": 2,
  "requires": true,
  "packages": {
    "": {
      "name": "@superfitapp/superfitjs",
      "version": "2.7.5",
      "license": "ISC",
      "dependencies": {
        "@types/lodash.round": "^4.0.6",
        "lodash.round": "^4.0.4",
        "uom": "^2.5.0"
      },
      "devDependencies": {
        "typescript": "~3.5.3"
      }
    },
    "node_modules/@types/lodash": {
      "version": "4.14.132",
      "resolved": "https://registry.npmjs.org/@types/lodash/-/lodash-4.14.132.tgz",
      "integrity": "sha512-RNUU1rrh85NgUJcjOOr96YXr+RHwInGbaQCZmlitqOaCKXffj8bh+Zxwuq5rjDy5OgzFldDVoqk4pyLEDiwxIw=="
    },
    "node_modules/@types/lodash.round": {
      "version": "4.0.6",
      "resolved": "https://registry.npmjs.org/@types/lodash.round/-/lodash.round-4.0.6.tgz",
      "integrity": "sha512-4/fs+g0BRnsJZMg0Nl5zHbx4rvo2J6KeDBPsgNvDZ1WKl4/wPOn3yiA7VURP+W0ZgUUQHEpEuLCFRfdW/h5ONg==",
      "dependencies": {
        "@types/lodash": "*"
      }
    },
    "node_modules/lodash.round": {
      "version": "4.0.4",
      "resolved": "https://registry.npmjs.org/lodash.round/-/lodash.round-4.0.4.tgz",
      "integrity": "sha1-EBtrpcbOzJmPKrvoC2Apr/0l0mI="
    },
    "node_modules/typescript": {
      "version": "3.5.3",
      "resolved": "https://registry.npmjs.org/typescript/-/typescript-3.5.3.tgz",
      "integrity": "sha512-ACzBtm/PhXBDId6a6sDJfroT2pOWt/oOnk4/dElG5G33ZL776N3Y6/6bKZJBFpd+b05F3Ct9qDjMeJmRWtE2/g==",
      "dev": true,
      "bin": {
        "tsc": "bin/tsc",
        "tsserver": "bin/tsserver"
      },
      "engines": {
        "node": ">=4.2.0"
      }
    },
    "node_modules/uom": {
      "version": "2.5.0",
      "resolved": "https://registry.npmjs.org/uom/-/uom-2.5.0.tgz",
      "integrity": "sha512-63GnAmhKXGcX20xHs0D+/VSrE0AVSvvGCezyeTlIwHvsPnkWHx988W0hc0Vd44frUjRHjzShzRwlfqy6dLUldA=="
    }
  },
  "dependencies": {
    "@types/lodash": {
      "version": "4.14.132",
      "resolved": "https://registry.npmjs.org/@types/lodash/-/lodash-4.14.132.tgz",
      "integrity": "sha512-RNUU1rrh85NgUJcjOOr96YXr+RHwInGbaQCZmlitqOaCKXffj8bh+Zxwuq5rjDy5OgzFldDVoqk4pyLEDiwxIw=="
    },
    "@types/lodash.round": {
      "version": "4.0.6",
      "resolved": "https://registry.npmjs.org/@types/lodash.round/-/lodash.round-4.0.6.tgz",
      "integrity": "sha512-4/fs+g0BRnsJZMg0Nl5zHbx4rvo2J6KeDBPsgNvDZ1WKl4/wPOn3yiA7VURP+W0ZgUUQHEpEuLCFRfdW/h5ONg==",
      "requires": {
        "@types/lodash": "*"
      }
    },
    "lodash.round": {
      "version": "4.0.4",
      "resolved": "https://registry.npmjs.org/lodash.round/-/lodash.round-4.0.4.tgz",
      "integrity": "sha1-EBtrpcbOzJmPKrvoC2Apr/0l0mI="
    },
    "typescript": {
      "version": "3.5.3",
      "resolved": "https://registry.npmjs.org/typescript/-/typescript-3.5.3.tgz",
      "integrity": "sha512-ACzBtm/PhXBDId6a6sDJfroT2pOWt/oOnk4/dElG5G33ZL776N3Y6/6bKZJBFpd+b05F3Ct9qDjMeJmRWtE2/g==",
      "dev": true
    },
    "uom": {
      "version": "2.5.0",
      "resolved": "https://registry.npmjs.org/uom/-/uom-2.5.0.tgz",
      "integrity": "sha512-63GnAmhKXGcX20xHs0D+/VSrE0AVSvvGCezyeTlIwHvsPnkWHx988W0hc0Vd44frUjRHjzShzRwlfqy6dLUldA=="
    }
  }
}
